
Microsoft Visual Studio Solution File, Format Version 12.00
# Visual Studio 14
VisualStudioVersion = 14.0.25420.1
MinimumVisualStudioVersion = 10.0.40219.1
Project("{FAE04EC0-301F-11D3-BF4B-00C04F79EFBC}") = "Server", "Server\Server.csproj", "{1737638E-1F69-445F-8985-EAED4D04585F}"
EndProject
Project("{FAE04EC0-301F-11D3-BF4B-00C04F79EFBC}") = "Client", "Client\Client.csproj", "{0501706E-90CB-4A48-8610-884C7AC0E7C0}"
EndProject
Project("{FAE04EC0-301F-11D3-BF4B-00C04F79EFBC}") = "ServerTCP", "ServerTCP\ServerTCP.csproj", "{6A602059-5B91-47B1-AD6B-D4E444F7FBED}"
EndProject
Project("{FAE04EC0-301F-11D3-BF4B-00C04F79EFBC}") = "ClientTCP", "ClientTCP\ClientTCP.csproj", "{813DB1F9-8AAB-47EE-AA42-0FCE07088205}"
EndProject
Global
	GlobalSection(SolutionConfigurationPlatforms) = preSolution
		Debug|Any CPU = Debug|Any CPU
		Release|Any CPU = Release|Any CPU
	EndGlobalSection
	GlobalSection(ProjectConfigurationPlatforms) = postSolution
		{1737638E-1F69-445F-8985-EAED4D04585F}.Debug|Any CPU.ActiveCfg = Debug|Any CPU
		{1737638E-1F69-445F-8985-EAED4D04585F}.Debug|Any CPU.Build.0 = Debug|Any CPU
		{1737638E-1F69-445F-8985-EAED4D04585F}.Release|Any CPU.ActiveCfg = Release|Any CPU
		{1737638E-1F69-445F-8985-EAED4D04585F}.Release|Any CPU.Build.0 = Release|Any CPU
		{0501706E-90CB-4A48-8610-884C7AC0E7C0}.Debug|Any CPU.ActiveCfg = Debug|Any CPU
		{0501706E-90CB-4A48-8610-884C7AC0E7C0}.Debug|Any CPU.Build.0 = Debug|Any CPU
		{0501706E-90CB-4A48-8610-884C7AC0E7C0}.Release|Any CPU.ActiveCfg = Release|Any CPU
		{0501706E-90CB-4A48-8610-884C7AC0E7C0}.Release|Any CPU.Build.0 = Release|Any CPU
		{6A602059-5B91-47B1-AD6B-D4E444F7FBED}.Debug|Any CPU.ActiveCfg = Debug|Any CPU
		{6A602059-5B91-47B1-AD6B-D4E444F7FBED}.Debug|Any CPU.Build.0 = Debug|Any CPU
		{6A602059-5B91-47B1-AD6B-D4E444F7FBED}.Release|Any CPU.ActiveCfg = Release|Any CPU
		{6A602059-5B91-47B1-AD6B-D4E444F7FBED}.Release|Any CPU.Build.0 = Release|Any CPU
		{813DB1F9-8AAB-47EE-AA42-0FCE07088205}.Debug|Any CPU.ActiveCfg = Debug|Any CPU
		{813DB1F9-8AAB-47EE-AA42-0FCE07088205}.Debug|Any CPU.Build.0 = Debug|Any CPU
		{813DB1F9-8AAB-47EE-AA42-0FCE07088205}.Release|Any CPU.ActiveCfg = Release|Any CPU
		{813DB1F9-8AAB-47EE-AA42-0FCE07088205}.Release|Any CPU.Build.0 = Release|Any CPU
	EndGlobalSection
	GlobalSection(SolutionProperties) = preSolution
		HideSolutionNode = FALSE
	EndGlobalSection
EndGlobal
